
Microsoft Visual Studio Solution File, Format Version 12.00
# Visual Studio Version 17
VisualStudioVersion = 17.10.35013.160
MinimumVisualStudioVersion = 10.0.40219.1
Project("{2150E333-8FDC-42A3-9474-1A3956D46DE8}") = "Services", "Services", "{77AD32CE-F425-438F-9C5D-57A864325F1B}"
EndProject
Project("{2150E333-8FDC-42A3-9474-1A3956D46DE8}") = "Catalog", "Catalog", "{563B40CA-5A54-4F6F-817E-150862241B0F}"
EndProject
Project("{9A19103F-16F7-4668-BE54-9A1E7A4F7556}") = "Catalog.API", "Services\Catalog\Catalog.API\Catalog.API.csproj", "{A5AD1429-C058-47B3-96D3-AAAC8CB48857}"
EndProject
Project("{2150E333-8FDC-42A3-9474-1A3956D46DE8}") = "BuildingBlocks", "BuildingBlocks", "{1BF07E64-6D58-4131-AD89-29F2D19E1AFB}"
EndProject
Project("{9A19103F-16F7-4668-BE54-9A1E7A4F7556}") = "BuildingBlocks", "BuildingBlocks\BuildingBlocks\BuildingBlocks.csproj", "{671DF9F4-1829-4EBE-895B-41AFD7F1CBFE}"
EndProject
Project("{E53339B2-1760-4266-BCC7-CA923CBCF16C}") = "docker-compose", "docker-compose.dcproj", "{318244CC-E70A-4780-9B0D-115C5F530C86}"
EndProject
Project("{2150E333-8FDC-42A3-9474-1A3956D46DE8}") = "Basket", "Basket", "{89CAD435-9F2B-4DBE-AC6A-F817D5BCC3EF}"
EndProject
Project("{9A19103F-16F7-4668-BE54-9A1E7A4F7556}") = "Basket.API", "Services\Basket\Basket.API\Basket.API.csproj", "{AB61E105-1C3F-4EAE-BA7E-C47DAAEB3966}"
EndProject
Project("{2150E333-8FDC-42A3-9474-1A3956D46DE8}") = "Discount", "Discount", "{DDCF9EF8-542D-4F83-B697-49790E4DB131}"
EndProject
Project("{9A19103F-16F7-4668-BE54-9A1E7A4F7556}") = "Discount.Grpc", "Services\Discount\Discount.Grpc\Discount.Grpc.csproj", "{28730050-E7FD-4CCD-9891-0556F709938A}"
EndProject
Project("{2150E333-8FDC-42A3-9474-1A3956D46DE8}") = "Ordering", "Ordering", "{515B606E-2182-4DD5-B2EF-BEDDD935CB3C}"
EndProject
Project("{FAE04EC0-301F-11D3-BF4B-00C04F79EFBC}") = "Ordering.API", "Services\Ordering\Ordering.API\Ordering.API.csproj", "{5382B063-35E4-4E16-93D3-F820F796810D}"
EndProject
Project("{FAE04EC0-301F-11D3-BF4B-00C04F79EFBC}") = "Ordering.Domain", "Services\Ordering\Ordering.Domain\Ordering.Domain.csproj", "{9923A666-7C3F-479B-B8FF-A55668DF2016}"
EndProject
Project("{FAE04EC0-301F-11D3-BF4B-00C04F79EFBC}") = "Ordering.Application", "Services\Ordering\Ordering.Application\Ordering.Application.csproj", "{A095FAF8-7F9F-4B03-9719-43ED9B513936}"
EndProject
Project("{FAE04EC0-301F-11D3-BF4B-00C04F79EFBC}") = "Ordering.Infrastructure", "Services\Ordering\Ordering.Infrastructure\Ordering.Infrastructure.csproj", "{B4AEE32F-DD6B-4396-93FB-62FA7EC9A4ED}"
EndProject
Global
	GlobalSection(SolutionConfigurationPlatforms) = preSolution
		Debug|Any CPU = Debug|Any CPU
		Release|Any CPU = Release|Any CPU
	EndGlobalSection
	GlobalSection(ProjectConfigurationPlatforms) = postSolution
		{A5AD1429-C058-47B3-96D3-AAAC8CB48857}.Debug|Any CPU.ActiveCfg = Debug|Any CPU
		{A5AD1429-C058-47B3-96D3-AAAC8CB48857}.Debug|Any CPU.Build.0 = Debug|Any CPU
		{A5AD1429-C058-47B3-96D3-AAAC8CB48857}.Release|Any CPU.ActiveCfg = Release|Any CPU
		{A5AD1429-C058-47B3-96D3-AAAC8CB48857}.Release|Any CPU.Build.0 = Release|Any CPU
		{671DF9F4-1829-4EBE-895B-41AFD7F1CBFE}.Debug|Any CPU.ActiveCfg = Debug|Any CPU
		{671DF9F4-1829-4EBE-895B-41AFD7F1CBFE}.Debug|Any CPU.Build.0 = Debug|Any CPU
		{671DF9F4-1829-4EBE-895B-41AFD7F1CBFE}.Release|Any CPU.ActiveCfg = Release|Any CPU
		{671DF9F4-1829-4EBE-895B-41AFD7F1CBFE}.Release|Any CPU.Build.0 = Release|Any CPU
		{318244CC-E70A-4780-9B0D-115C5F530C86}.Debug|Any CPU.ActiveCfg = Debug|Any CPU
		{318244CC-E70A-4780-9B0D-115C5F530C86}.Debug|Any CPU.Build.0 = Debug|Any CPU
		{318244CC-E70A-4780-9B0D-115C5F530C86}.Release|Any CPU.ActiveCfg = Release|Any CPU
		{318244CC-E70A-4780-9B0D-115C5F530C86}.Release|Any CPU.Build.0 = Release|Any CPU
		{AB61E105-1C3F-4EAE-BA7E-C47DAAEB3966}.Debug|Any CPU.ActiveCfg = Debug|Any CPU
		{AB61E105-1C3F-4EAE-BA7E-C47DAAEB3966}.Debug|Any CPU.Build.0 = Debug|Any CPU
		{AB61E105-1C3F-4EAE-BA7E-C47DAAEB3966}.Release|Any CPU.ActiveCfg = Release|Any CPU
		{AB61E105-1C3F-4EAE-BA7E-C47DAAEB3966}.Release|Any CPU.Build.0 = Release|Any CPU
		{28730050-E7FD-4CCD-9891-0556F709938A}.Debug|Any CPU.ActiveCfg = Debug|Any CPU
		{28730050-E7FD-4CCD-9891-0556F709938A}.Debug|Any CPU.Build.0 = Debug|Any CPU
		{28730050-E7FD-4CCD-9891-0556F709938A}.Release|Any CPU.ActiveCfg = Release|Any CPU
		{28730050-E7FD-4CCD-9891-0556F709938A}.Release|Any CPU.Build.0 = Release|Any CPU
		{5382B063-35E4-4E16-93D3-F820F796810D}.Debug|Any CPU.ActiveCfg = Debug|Any CPU
		{5382B063-35E4-4E16-93D3-F820F796810D}.Debug|Any CPU.Build.0 = Debug|Any CPU
		{5382B063-35E4-4E16-93D3-F820F796810D}.Release|Any CPU.ActiveCfg = Release|Any CPU
		{5382B063-35E4-4E16-93D3-F820F796810D}.Release|Any CPU.Build.0 = Release|Any CPU
		{9923A666-7C3F-479B-B8FF-A55668DF2016}.Debug|Any CPU.ActiveCfg = Debug|Any CPU
		{9923A666-7C3F-479B-B8FF-A55668DF2016}.Debug|Any CPU.Build.0 = Debug|Any CPU
		{9923A666-7C3F-479B-B8FF-A55668DF2016}.Release|Any CPU.ActiveCfg = Release|Any CPU
		{9923A666-7C3F-479B-B8FF-A55668DF2016}.Release|Any CPU.Build.0 = Release|Any CPU
		{A095FAF8-7F9F-4B03-9719-43ED9B513936}.Debug|Any CPU.ActiveCfg = Debug|Any CPU
		{A095FAF8-7F9F-4B03-9719-43ED9B513936}.Debug|Any CPU.Build.0 = Debug|Any CPU
		{A095FAF8-7F9F-4B03-9719-43ED9B513936}.Release|Any CPU.ActiveCfg = Release|Any CPU
		{A095FAF8-7F9F-4B03-9719-43ED9B513936}.Release|Any CPU.Build.0 = Release|Any CPU
		{B4AEE32F-DD6B-4396-93FB-62FA7EC9A4ED}.Debug|Any CPU.ActiveCfg = Debug|Any CPU
		{B4AEE32F-DD6B-4396-93FB-62FA7EC9A4ED}.Debug|Any CPU.Build.0 = Debug|Any CPU
		{B4AEE32F-DD6B-4396-93FB-62FA7EC9A4ED}.Release|Any CPU.ActiveCfg = Release|Any CPU
		{B4AEE32F-DD6B-4396-93FB-62FA7EC9A4ED}.Release|Any CPU.Build.0 = Release|Any CPU
	EndGlobalSection
	GlobalSection(SolutionProperties) = preSolution
		HideSolutionNode = FALSE
	EndGlobalSection
	GlobalSection(NestedProjects) = preSolution
		{563B40CA-5A54-4F6F-817E-150862241B0F} = {77AD32CE-F425-438F-9C5D-57A864325F1B}
		{A5AD1429-C058-47B3-96D3-AAAC8CB48857} = {563B40CA-5A54-4F6F-817E-150862241B0F}
		{671DF9F4-1829-4EBE-895B-41AFD7F1CBFE} = {1BF07E64-6D58-4131-AD89-29F2D19E1AFB}
		{89CAD435-9F2B-4DBE-AC6A-F817D5BCC3EF} = {77AD32CE-F425-438F-9C5D-57A864325F1B}
		{AB61E105-1C3F-4EAE-BA7E-C47DAAEB3966} = {89CAD435-9F2B-4DBE-AC6A-F817D5BCC3EF}
		{DDCF9EF8-542D-4F83-B697-49790E4DB131} = {77AD32CE-F425-438F-9C5D-57A864325F1B}
		{28730050-E7FD-4CCD-9891-0556F709938A} = {DDCF9EF8-542D-4F83-B697-49790E4DB131}
		{515B606E-2182-4DD5-B2EF-BEDDD935CB3C} = {77AD32CE-F425-438F-9C5D-57A864325F1B}
		{5382B063-35E4-4E16-93D3-F820F796810D} = {515B606E-2182-4DD5-B2EF-BEDDD935CB3C}
		{9923A666-7C3F-479B-B8FF-A55668DF2016} = {515B606E-2182-4DD5-B2EF-BEDDD935CB3C}
		{A095FAF8-7F9F-4B03-9719-43ED9B513936} = {515B606E-2182-4DD5-B2EF-BEDDD935CB3C}
		{B4AEE32F-DD6B-4396-93FB-62FA7EC9A4ED} = {515B606E-2182-4DD5-B2EF-BEDDD935CB3C}
	EndGlobalSection
	GlobalSection(ExtensibilityGlobals) = postSolution
		SolutionGuid = {0C7EFCE4-4D7C-41AF-9EB1-BFAEB4C8BA87}
	EndGlobalSection
EndGlobal
